
Microsoft Visual Studio Solution File, Format Version 11.00
# Visual Studio 2010
Project("{2150E333-8FDC-42A3-9474-1A3956D46DE8}") = "samples", "samples", "{C606FEBF-2EA2-4766-8CA9-9E6206036C05}"
EndProject
Project("{FAE04EC0-301F-11D3-BF4B-00C04F79EFBC}") = "simple-player", "samples\simple-player\simple-player.csproj", "{1B6AD340-A09E-4E12-9446-3170EB112F0E}"
EndProject
Project("{FAE04EC0-301F-11D3-BF4B-00C04F79EFBC}") = "mac-player", "samples\mac-player\mac-player.csproj", "{7D51E7F7-E07F-44E6-B747-1A3C3908C824}"
EndProject
Project("{2150E333-8FDC-42A3-9474-1A3956D46DE8}") = "Solution Items", "Solution Items", "{F3B49A38-2FD3-40B3-850F-52B2A2916CAB}"
	ProjectSection(SolutionItems) = preProject
		build-common.build.xml = build-common.build.xml
		build-properties.build.xml = build-properties.build.xml
		libvlcnet.build = libvlcnet.build
	EndProjectSection
EndProject
Project("{2150E333-8FDC-42A3-9474-1A3956D46DE8}") = "tests", "tests", "{E07755D1-96E7-44ED-BDD5-DE67924B9CB7}"
EndProject
Project("{FAE04EC0-301F-11D3-BF4B-00C04F79EFBC}") = "media-player-vlc-tests", "tests\media-player-vlc-tests\media-player-vlc-tests.csproj", "{2B2CF3AD-5A20-492D-9295-4BEB2A650C16}"
EndProject
Project("{FAE04EC0-301F-11D3-BF4B-00C04F79EFBC}") = "media-player-vlc-tests-console", "tests\media-player-vlc-tests-console\media-player-vlc-tests-console.csproj", "{DFB162C0-9A5F-4ACD-914E-DBEA1F975F51}"
EndProject
Project("{FAE04EC0-301F-11D3-BF4B-00C04F79EFBC}") = "media-player-vlc", "media-player-vlc\media-player-vlc.csproj", "{5AF6C9FE-6B19-4C1D-BADE-35BFF33825B8}"
EndProject
Project("{FAE04EC0-301F-11D3-BF4B-00C04F79EFBC}") = "media-player-vlc-winforms", "media-player-vlc-winforms\media-player-vlc-winforms.csproj", "{9DDB7196-B081-4FC5-9857-6EBB998EF622}"
EndProject
Project("{FAE04EC0-301F-11D3-BF4B-00C04F79EFBC}") = "media-player-vlc-windows", "media-player-vlc-windows\media-player-vlc-windows.csproj", "{9CDA1031-EF87-4D13-A249-942E8C3E6C94}"
EndProject
Project("{2150E333-8FDC-42A3-9474-1A3956D46DE8}") = ".nuget", ".nuget", "{D069490B-B2C4-4877-A057-DE672AB0548B}"
	ProjectSection(SolutionItems) = preProject
		.nuget\NuGet.Config = .nuget\NuGet.Config
		.nuget\NuGet.exe = .nuget\NuGet.exe
		.nuget\NuGet.targets = .nuget\NuGet.targets
	EndProjectSection
EndProject
Global
	GlobalSection(SolutionConfigurationPlatforms) = preSolution
		Debug|Any CPU = Debug|Any CPU
		Release|Any CPU = Release|Any CPU
	EndGlobalSection
	GlobalSection(ProjectConfigurationPlatforms) = postSolution
		{1B6AD340-A09E-4E12-9446-3170EB112F0E}.Debug|Any CPU.ActiveCfg = Debug|Any CPU
		{1B6AD340-A09E-4E12-9446-3170EB112F0E}.Debug|Any CPU.Build.0 = Debug|Any CPU
		{1B6AD340-A09E-4E12-9446-3170EB112F0E}.Release|Any CPU.ActiveCfg = Release|Any CPU
		{1B6AD340-A09E-4E12-9446-3170EB112F0E}.Release|Any CPU.Build.0 = Release|Any CPU
		{7D51E7F7-E07F-44E6-B747-1A3C3908C824}.Debug|Any CPU.ActiveCfg = Debug|Any CPU
		{7D51E7F7-E07F-44E6-B747-1A3C3908C824}.Debug|Any CPU.Build.0 = Debug|Any CPU
		{7D51E7F7-E07F-44E6-B747-1A3C3908C824}.Release|Any CPU.ActiveCfg = Release|Any CPU
		{7D51E7F7-E07F-44E6-B747-1A3C3908C824}.Release|Any CPU.Build.0 = Release|Any CPU
		{2B2CF3AD-5A20-492D-9295-4BEB2A650C16}.Debug|Any CPU.ActiveCfg = Debug|Any CPU
		{2B2CF3AD-5A20-492D-9295-4BEB2A650C16}.Debug|Any CPU.Build.0 = Debug|Any CPU
		{2B2CF3AD-5A20-492D-9295-4BEB2A650C16}.Release|Any CPU.ActiveCfg = Release|Any CPU
		{2B2CF3AD-5A20-492D-9295-4BEB2A650C16}.Release|Any CPU.Build.0 = Release|Any CPU
		{DFB162C0-9A5F-4ACD-914E-DBEA1F975F51}.Debug|Any CPU.ActiveCfg = Debug|Any CPU
		{DFB162C0-9A5F-4ACD-914E-DBEA1F975F51}.Debug|Any CPU.Build.0 = Debug|Any CPU
		{DFB162C0-9A5F-4ACD-914E-DBEA1F975F51}.Release|Any CPU.ActiveCfg = Release|Any CPU
		{DFB162C0-9A5F-4ACD-914E-DBEA1F975F51}.Release|Any CPU.Build.0 = Release|Any CPU
		{5AF6C9FE-6B19-4C1D-BADE-35BFF33825B8}.Debug|Any CPU.ActiveCfg = Debug|Any CPU
		{5AF6C9FE-6B19-4C1D-BADE-35BFF33825B8}.Debug|Any CPU.Build.0 = Debug|Any CPU
		{5AF6C9FE-6B19-4C1D-BADE-35BFF33825B8}.Release|Any CPU.ActiveCfg = Release|Any CPU
		{5AF6C9FE-6B19-4C1D-BADE-35BFF33825B8}.Release|Any CPU.Build.0 = Release|Any CPU
		{9DDB7196-B081-4FC5-9857-6EBB998EF622}.Debug|Any CPU.ActiveCfg = Debug|Any CPU
		{9DDB7196-B081-4FC5-9857-6EBB998EF622}.Debug|Any CPU.Build.0 = Debug|Any CPU
		{9DDB7196-B081-4FC5-9857-6EBB998EF622}.Release|Any CPU.ActiveCfg = Release|Any CPU
		{9DDB7196-B081-4FC5-9857-6EBB998EF622}.Release|Any CPU.Build.0 = Release|Any CPU
		{9CDA1031-EF87-4D13-A249-942E8C3E6C94}.Debug|Any CPU.ActiveCfg = Debug|Any CPU
		{9CDA1031-EF87-4D13-A249-942E8C3E6C94}.Debug|Any CPU.Build.0 = Debug|Any CPU
		{9CDA1031-EF87-4D13-A249-942E8C3E6C94}.Release|Any CPU.ActiveCfg = Release|Any CPU
		{9CDA1031-EF87-4D13-A249-942E8C3E6C94}.Release|Any CPU.Build.0 = Release|Any CPU
	EndGlobalSection
	GlobalSection(SolutionProperties) = preSolution
		HideSolutionNode = FALSE
	EndGlobalSection
	GlobalSection(NestedProjects) = preSolution
		{1B6AD340-A09E-4E12-9446-3170EB112F0E} = {C606FEBF-2EA2-4766-8CA9-9E6206036C05}
		{7D51E7F7-E07F-44E6-B747-1A3C3908C824} = {C606FEBF-2EA2-4766-8CA9-9E6206036C05}
		{2B2CF3AD-5A20-492D-9295-4BEB2A650C16} = {E07755D1-96E7-44ED-BDD5-DE67924B9CB7}
		{DFB162C0-9A5F-4ACD-914E-DBEA1F975F51} = {E07755D1-96E7-44ED-BDD5-DE67924B9CB7}
	EndGlobalSection
	GlobalSection(MonoDevelopProperties) = preSolution
		StartupItem = tests\media-player-vlc-tests-console\media-player-vlc-tests-console.csproj
		Policies = $0
		$0.TextStylePolicy = $1
		$1.inheritsSet = null
		$1.scope = text/x-csharp
		$0.CSharpFormattingPolicy = $2
		$2.NamespaceBraceStyle = EndOfLine
		$2.ClassBraceStyle = EndOfLine
		$2.InterfaceBraceStyle = EndOfLine
		$2.StructBraceStyle = EndOfLine
		$2.EnumBraceStyle = EndOfLine
		$2.MethodBraceStyle = EndOfLine
		$2.ConstructorBraceStyle = EndOfLine
		$2.DestructorBraceStyle = EndOfLine
		$2.AllowPropertyGetBlockInline = False
		$2.AllowPropertySetBlockInline = False
		$2.AllowEventAddBlockInline = False
		$2.AllowEventRemoveBlockInline = False
		$2.IfElseBraceForcement = AddBraces
		$2.ForBraceForcement = AddBraces
		$2.ForEachBraceForcement = AddBraces
		$2.WhileBraceForcement = AddBraces
		$2.UsingBraceForcement = AddBraces
		$2.FixedBraceForcement = AddBraces
		$2.inheritsSet = Mono
		$2.inheritsScope = text/x-csharp
		$2.scope = text/x-csharp
		$0.TextStylePolicy = $3
		$3.FileWidth = 120
		$3.TabWidth = 4
		$3.inheritsSet = Mono
		$3.inheritsScope = text/plain
		$3.scope = text/plain
		$0.TextStylePolicy = $4
		$4.inheritsSet = null
		$4.scope = application/config+xml
		$0.XmlFormattingPolicy = $5
		$5.inheritsSet = null
		$5.scope = application/config+xml
		$0.TextStylePolicy = $6
		$6.inheritsSet = null
		$6.scope = application/xml
		$0.XmlFormattingPolicy = $7
		$7.inheritsSet = Mono
		$7.inheritsScope = application/xml
		$7.scope = application/xml
		$0.TextStylePolicy = $8
		$8.inheritsSet = null
		$8.scope = application/x-resource
		$0.StandardHeader = $9
		$9.Text = 
		$9.IncludeInNewFiles = True
		$0.VersionControlPolicy = $10
		$10.inheritsSet = Mono
		$0.ChangeLogPolicy = $11
		$11.UpdateMode = None
		$11.MessageStyle = $12
		$12.LineAlign = 0
		$11.inheritsSet = Mono
	EndGlobalSection
EndGlobal
